// !$*UTF8*$!
{
	archiveVersion = 1;
	classes = {
	};
	objectVersion = 46;
	objects = {

/* Begin PBXBuildFile section */
		FE1323DE1958376100F32CDB /* Foundation.framework in Frameworks */ = {isa = PBXBuildFile; fileRef = FE1323DD1958376100F32CDB /* Foundation.framework */; };
		FE1323E01958376100F32CDB /* CoreGraphics.framework in Frameworks */ = {isa = PBXBuildFile; fileRef = FE1323DF1958376100F32CDB /* CoreGraphics.framework */; };
		FE1323E21958376100F32CDB /* UIKit.framework in Frameworks */ = {isa = PBXBuildFile; fileRef = FE1323E11958376100F32CDB /* UIKit.framework */; };
		FE1323E81958376100F32CDB /* InfoPlist.strings in Resources */ = {isa = PBXBuildFile; fileRef = FE1323E61958376100F32CDB /* InfoPlist.strings */; };
		FE1323EA1958376100F32CDB /* main.m in Sources */ = {isa = PBXBuildFile; fileRef = FE1323E91958376100F32CDB /* main.m */; };
		FE1323EE1958376100F32CDB /* PMAppDelegate.m in Sources */ = {isa = PBXBuildFile; fileRef = FE1323ED1958376100F32CDB /* PMAppDelegate.m */; };
		FE1323F11958376100F32CDB /* Main.storyboard in Resources */ = {isa = PBXBuildFile; fileRef = FE1323EF1958376100F32CDB /* Main.storyboard */; };
		FE1323F41958376100F32CDB /* PMViewController.m in Sources */ = {isa = PBXBuildFile; fileRef = FE1323F31958376100F32CDB /* PMViewController.m */; };
		FE1323F61958376100F32CDB /* Images.xcassets in Resources */ = {isa = PBXBuildFile; fileRef = FE1323F51958376100F32CDB /* Images.xcassets */; };
		FE1323FD1958376100F32CDB /* XCTest.framework in Frameworks */ = {isa = PBXBuildFile; fileRef = FE1323FC1958376100F32CDB /* XCTest.framework */; };
		FE1323FE1958376100F32CDB /* Foundation.framework in Frameworks */ = {isa = PBXBuildFile; fileRef = FE1323DD1958376100F32CDB /* Foundation.framework */; };
		FE1323FF1958376100F32CDB /* UIKit.framework in Frameworks */ = {isa = PBXBuildFile; fileRef = FE1323E11958376100F32CDB /* UIKit.framework */; };
		FE1324071958376100F32CDB /* InfoPlist.strings in Resources */ = {isa = PBXBuildFile; fileRef = FE1324051958376100F32CDB /* InfoPlist.strings */; };
		FE1324091958376100F32CDB /* CommandGestureRecognizerTests.m in Sources */ = {isa = PBXBuildFile; fileRef = FE1324081958376100F32CDB /* CommandGestureRecognizerTests.m */; };
		FE1324151958386200F32CDB /* PMCommandGestureRecognizer.m in Sources */ = {isa = PBXBuildFile; fileRef = FE1324141958386200F32CDB /* PMCommandGestureRecognizer.m */; };
		FE13241819584CFB00F32CDB /* PMKonamiGestureRecognizer.m in Sources */ = {isa = PBXBuildFile; fileRef = FE13241719584CFB00F32CDB /* PMKonamiGestureRecognizer.m */; };
		FE13241B19584E8100F32CDB /* PMKakarotGestureRecognizer.m in Sources */ = {isa = PBXBuildFile; fileRef = FE13241A19584E8100F32CDB /* PMKakarotGestureRecognizer.m */; };
		FE13241E1958634100F32CDB /* PMCapcomGestureRecognizer.m in Sources */ = {isa = PBXBuildFile; fileRef = FE13241D1958634100F32CDB /* PMCapcomGestureRecognizer.m */; };
/* End PBXBuildFile section */

/* Begin PBXContainerItemProxy section */
		FE1324001958376100F32CDB /* PBXContainerItemProxy */ = {
			isa = PBXContainerItemProxy;
			containerPortal = FE1323D21958376100F32CDB /* Project object */;
			proxyType = 1;
			remoteGlobalIDString = FE1323D91958376100F32CDB;
			remoteInfo = CommandGestureRecognizer;
		};
/* End PBXContainerItemProxy section */

/* Begin PBXFileReference section */
		FE1323DA1958376100F32CDB /* CommandGestureRecognizer.app */ = {isa = PBXFileReference; explicitFileType = wrapper.application; includeInIndex = 0; path = CommandGestureRecognizer.app; sourceTree = BUILT_PRODUCTS_DIR; };
		FE1323DD1958376100F32CDB /* Foundation.framework */ = {isa = PBXFileReference; lastKnownFileType = wrapper.framework; name = Foundation.framework; path = System/Library/Frameworks/Foundation.framework; sourceTree = SDKROOT; };
		FE1323DF1958376100F32CDB /* CoreGraphics.framework */ = {isa = PBXFileReference; lastKnownFileType = wrapper.framework; name = CoreGraphics.framework; path = System/Library/Frameworks/CoreGraphics.framework; sourceTree = SDKROOT; };
		FE1323E11958376100F32CDB /* UIKit.framework */ = {isa = PBXFileReference; lastKnownFileType = wrapper.framework; name = UIKit.framework; path = System/Library/Frameworks/UIKit.framework; sourceTree = SDKROOT; };
		FE1323E51958376100F32CDB /* CommandGestureRecognizer-Info.plist */ = {isa = PBXFileReference; lastKnownFileType = text.plist.xml; path = "CommandGestureRecognizer-Info.plist"; sourceTree = "<group>"; };
		FE1323E71958376100F32CDB /* en */ = {isa = PBXFileReference; lastKnownFileType = text.plist.strings; name = en; path = en.lproj/InfoPlist.strings; sourceTree = "<group>"; };
		FE1323E91958376100F32CDB /* main.m */ = {isa = PBXFileReference; lastKnownFileType = sourcecode.c.objc; path = main.m; sourceTree = "<group>"; };
		FE1323EB1958376100F32CDB /* CommandGestureRecognizer-Prefix.pch */ = {isa = PBXFileReference; lastKnownFileType = sourcecode.c.h; path = "CommandGestureRecognizer-Prefix.pch"; sourceTree = "<group>"; };
		FE1323EC1958376100F32CDB /* PMAppDelegate.h */ = {isa = PBXFileReference; lastKnownFileType = sourcecode.c.h; path = PMAppDelegate.h; sourceTree = "<group>"; };
		FE1323ED1958376100F32CDB /* PMAppDelegate.m */ = {isa = PBXFileReference; lastKnownFileType = sourcecode.c.objc; path = PMAppDelegate.m; sourceTree = "<group>"; };
		FE1323F01958376100F32CDB /* Base */ = {isa = PBXFileReference; lastKnownFileType = file.storyboard; name = Base; path = Base.lproj/Main.storyboard; sourceTree = "<group>"; };
		FE1323F21958376100F32CDB /* PMViewController.h */ = {isa = PBXFileReference; lastKnownFileType = sourcecode.c.h; path = PMViewController.h; sourceTree = "<group>"; };
		FE1323F31958376100F32CDB /* PMViewController.m */ = {isa = PBXFileReference; lastKnownFileType = sourcecode.c.objc; path = PMViewController.m; sourceTree = "<group>"; };
		FE1323F51958376100F32CDB /* Images.xcassets */ = {isa = PBXFileReference; lastKnownFileType = folder.assetcatalog; path = Images.xcassets; sourceTree = "<group>"; };
		FE1323FB1958376100F32CDB /* CommandGestureRecognizerTests.xctest */ = {isa = PBXFileReference; explicitFileType = wrapper.cfbundle; includeInIndex = 0; path = CommandGestureRecognizerTests.xctest; sourceTree = BUILT_PRODUCTS_DIR; };
		FE1323FC1958376100F32CDB /* XCTest.framework */ = {isa = PBXFileReference; lastKnownFileType = wrapper.framework; name = XCTest.framework; path = Library/Frameworks/XCTest.framework; sourceTree = DEVELOPER_DIR; };
		FE1324041958376100F32CDB /* CommandGestureRecognizerTests-Info.plist */ = {isa = PBXFileReference; lastKnownFileType = text.plist.xml; path = "CommandGestureRecognizerTests-Info.plist"; sourceTree = "<group>"; };
		FE1324061958376100F32CDB /* en */ = {isa = PBXFileReference; lastKnownFileType = text.plist.strings; name = en; path = en.lproj/InfoPlist.strings; sourceTree = "<group>"; };
		FE1324081958376100F32CDB /* CommandGestureRecognizerTests.m */ = {isa = PBXFileReference; lastKnownFileType = sourcecode.c.objc; path = CommandGestureRecognizerTests.m; sourceTree = "<group>"; };
		FE1324131958386200F32CDB /* PMCommandGestureRecognizer.h */ = {isa = PBXFileReference; fileEncoding = 4; lastKnownFileType = sourcecode.c.h; path = PMCommandGestureRecognizer.h; sourceTree = "<group>"; };
		FE1324141958386200F32CDB /* PMCommandGestureRecognizer.m */ = {isa = PBXFileReference; fileEncoding = 4; lastKnownFileType = sourcecode.c.objc; path = PMCommandGestureRecognizer.m; sourceTree = "<group>"; };
		FE13241619584CFB00F32CDB /* PMKonamiGestureRecognizer.h */ = {isa = PBXFileReference; fileEncoding = 4; lastKnownFileType = sourcecode.c.h; path = PMKonamiGestureRecognizer.h; sourceTree = "<group>"; };
		FE13241719584CFB00F32CDB /* PMKonamiGestureRecognizer.m */ = {isa = PBXFileReference; fileEncoding = 4; lastKnownFileType = sourcecode.c.objc; path = PMKonamiGestureRecognizer.m; sourceTree = "<group>"; };
		FE13241919584E8100F32CDB /* PMKakarotGestureRecognizer.h */ = {isa = PBXFileReference; fileEncoding = 4; lastKnownFileType = sourcecode.c.h; path = PMKakarotGestureRecognizer.h; sourceTree = "<group>"; };
		FE13241A19584E8100F32CDB /* PMKakarotGestureRecognizer.m */ = {isa = PBXFileReference; fileEncoding = 4; lastKnownFileType = sourcecode.c.objc; path = PMKakarotGestureRecognizer.m; sourceTree = "<group>"; };
		FE13241C1958634100F32CDB /* PMCapcomGestureRecognizer.h */ = {isa = PBXFileReference; fileEncoding = 4; lastKnownFileType = sourcecode.c.h; path = PMCapcomGestureRecognizer.h; sourceTree = "<group>"; };
		FE13241D1958634100F32CDB /* PMCapcomGestureRecognizer.m */ = {isa = PBXFileReference; fileEncoding = 4; lastKnownFileType = sourcecode.c.objc; path = PMCapcomGestureRecognizer.m; sourceTree = "<group>"; };
/* End PBXFileReference section */

/* Begin PBXFrameworksBuildPhase section */
		FE1323D71958376100F32CDB /* Frameworks */ = {
			isa = PBXFrameworksBuildPhase;
			buildActionMask = 2147483647;
			files = (
				FE1323E01958376100F32CDB /* CoreGraphics.framework in Frameworks */,
				FE1323E21958376100F32CDB /* UIKit.framework in Frameworks */,
				FE1323DE1958376100F32CDB /* Foundation.framework in Frameworks */,
			);
			runOnlyForDeploymentPostprocessing = 0;
		};
		FE1323F81958376100F32CDB /* Frameworks */ = {
			isa = PBXFrameworksBuildPhase;
			buildActionMask = 2147483647;
			files = (
				FE1323FD1958376100F32CDB /* XCTest.framework in Frameworks */,
				FE1323FF1958376100F32CDB /* UIKit.framework in Frameworks */,
				FE1323FE1958376100F32CDB /* Foundation.framework in Frameworks */,
			);
			runOnlyForDeploymentPostprocessing = 0;
		};
/* End PBXFrameworksBuildPhase section */

/* Begin PBXGroup section */
		FE1323D11958376100F32CDB = {
			isa = PBXGroup;
			children = (
				FE1323E31958376100F32CDB /* CommandGestureRecognizer */,
				FE1324021958376100F32CDB /* CommandGestureRecognizerTests */,
				FE1323DC1958376100F32CDB /* Frameworks */,
				FE1323DB1958376100F32CDB /* Products */,
			);
			sourceTree = "<group>";
		};
		FE1323DB1958376100F32CDB /* Products */ = {
			isa = PBXGroup;
			children = (
				FE1323DA1958376100F32CDB /* CommandGestureRecognizer.app */,
				FE1323FB1958376100F32CDB /* CommandGestureRecognizerTests.xctest */,
			);
			name = Products;
			sourceTree = "<group>";
		};
		FE1323DC1958376100F32CDB /* Frameworks */ = {
			isa = PBXGroup;
			children = (
				FE1323DD1958376100F32CDB /* Foundation.framework */,
				FE1323DF1958376100F32CDB /* CoreGraphics.framework */,
				FE1323E11958376100F32CDB /* UIKit.framework */,
				FE1323FC1958376100F32CDB /* XCTest.framework */,
			);
			name = Frameworks;
			sourceTree = "<group>";
		};
		FE1323E31958376100F32CDB /* CommandGestureRecognizer */ = {
			isa = PBXGroup;
			children = (
				FE1324121958384300F32CDB /* CommandGestureRecognizer */,
				FE1323EC1958376100F32CDB /* PMAppDelegate.h */,
				FE1323ED1958376100F32CDB /* PMAppDelegate.m */,
				FE1323EF1958376100F32CDB /* Main.storyboard */,
				FE1323F21958376100F32CDB /* PMViewController.h */,
				FE1323F31958376100F32CDB /* PMViewController.m */,
				FE1323F51958376100F32CDB /* Images.xcassets */,
				FE1323E41958376100F32CDB /* Supporting Files */,
			);
			path = CommandGestureRecognizer;
			sourceTree = "<group>";
		};
		FE1323E41958376100F32CDB /* Supporting Files */ = {
			isa = PBXGroup;
			children = (
				FE1323E51958376100F32CDB /* CommandGestureRecognizer-Info.plist */,
				FE1323E61958376100F32CDB /* InfoPlist.strings */,
				FE1323E91958376100F32CDB /* main.m */,
				FE1323EB1958376100F32CDB /* CommandGestureRecognizer-Prefix.pch */,
			);
			name = "Supporting Files";
			sourceTree = "<group>";
		};
		FE1324021958376100F32CDB /* CommandGestureRecognizerTests */ = {
			isa = PBXGroup;
			children = (
				FE1324081958376100F32CDB /* CommandGestureRecognizerTests.m */,
				FE1324031958376100F32CDB /* Supporting Files */,
			);
			path = CommandGestureRecognizerTests;
			sourceTree = "<group>";
		};
		FE1324031958376100F32CDB /* Supporting Files */ = {
			isa = PBXGroup;
			children = (
				FE1324041958376100F32CDB /* CommandGestureRecognizerTests-Info.plist */,
				FE1324051958376100F32CDB /* InfoPlist.strings */,
			);
			name = "Supporting Files";
			sourceTree = "<group>";
		};
		FE1324121958384300F32CDB /* CommandGestureRecognizer */ = {
			isa = PBXGroup;
			children = (
				FE1324131958386200F32CDB /* PMCommandGestureRecognizer.h */,
				FE1324141958386200F32CDB /* PMCommandGestureRecognizer.m */,
				FE13241619584CFB00F32CDB /* PMKonamiGestureRecognizer.h */,
				FE13241719584CFB00F32CDB /* PMKonamiGestureRecognizer.m */,
				FE13241919584E8100F32CDB /* PMKakarotGestureRecognizer.h */,
				FE13241A19584E8100F32CDB /* PMKakarotGestureRecognizer.m */,
				FE13241C1958634100F32CDB /* PMCapcomGestureRecognizer.h */,
				FE13241D1958634100F32CDB /* PMCapcomGestureRecognizer.m */,
			);
			path = CommandGestureRecognizer;
			sourceTree = "<group>";
		};
/* End PBXGroup section */

/* Begin PBXNativeTarget section */
		FE1323D91958376100F32CDB /* CommandGestureRecognizer */ = {
			isa = PBXNativeTarget;
			buildConfigurationList = FE13240C1958376100F32CDB /* Build configuration list for PBXNativeTarget "CommandGestureRecognizer" */;
			buildPhases = (
				FE1323D61958376100F32CDB /* Sources */,
				FE1323D71958376100F32CDB /* Frameworks */,
				FE1323D81958376100F32CDB /* Resources */,
			);
			buildRules = (
			);
			dependencies = (
			);
			name = CommandGestureRecognizer;
			productName = CommandGestureRecognizer;
			productReference = FE1323DA1958376100F32CDB /* CommandGestureRecognizer.app */;
			productType = "com.apple.product-type.application";
		};
		FE1323FA1958376100F32CDB /* CommandGestureRecognizerTests */ = {
			isa = PBXNativeTarget;
			buildConfigurationList = FE13240F1958376100F32CDB /* Build configuration list for PBXNativeTarget "CommandGestureRecognizerTests" */;
			buildPhases = (
				FE1323F71958376100F32CDB /* Sources */,
				FE1323F81958376100F32CDB /* Frameworks */,
				FE1323F91958376100F32CDB /* Resources */,
			);
			buildRules = (
			);
			dependencies = (
				FE1324011958376100F32CDB /* PBXTargetDependency */,
			);
			name = CommandGestureRecognizerTests;
			productName = CommandGestureRecognizerTests;
			productReference = FE1323FB1958376100F32CDB /* CommandGestureRecognizerTests.xctest */;
			productType = "com.apple.product-type.bundle.unit-test";
		};
/* End PBXNativeTarget section */

/* Begin PBXProject section */
		FE1323D21958376100F32CDB /* Project object */ = {
			isa = PBXProject;
			attributes = {
				CLASSPREFIX = PM;
				LastUpgradeCheck = 0510;
				ORGANIZATIONNAME = com.gmail.pompopo;
				TargetAttributes = {
					FE1323FA1958376100F32CDB = {
						TestTargetID = FE1323D91958376100F32CDB;
					};
				};
			};
			buildConfigurationList = FE1323D51958376100F32CDB /* Build configuration list for PBXProject "CommandGestureRecognizer" */;
			compatibilityVersion = "Xcode 3.2";
			developmentRegion = English;
			hasScannedForEncodings = 0;
			knownRegions = (
				en,
				Base,
			);
			mainGroup = FE1323D11958376100F32CDB;
			productRefGroup = FE1323DB1958376100F32CDB /* Products */;
			projectDirPath = "";
			projectRoot = "";
			targets = (
				FE1323D91958376100F32CDB /* CommandGestureRecognizer */,
				FE1323FA1958376100F32CDB /* CommandGestureRecognizerTests */,
			);
		};
/* End PBXProject section */

/* Begin PBXResourcesBuildPhase section */
		FE1323D81958376100F32CDB /* Resources */ = {
			isa = PBXResourcesBuildPhase;
			buildActionMask = 2147483647;
			files = (
				FE1323F61958376100F32CDB /* Images.xcassets in Resources */,
				FE1323E81958376100F32CDB /* InfoPlist.strings in Resources */,
				FE1323F11958376100F32CDB /* Main.storyboard in Resources */,
			);
			runOnlyForDeploymentPostprocessing = 0;
		};
		FE1323F91958376100F32CDB /* Resources */ = {
			isa = PBXResourcesBuildPhase;
			buildActionMask = 2147483647;
			files = (
				FE1324071958376100F32CDB /* InfoPlist.strings in Resources */,
			);
			runOnlyForDeploymentPostprocessing = 0;
		};
/* End PBXResourcesBuildPhase section */

/* Begin PBXSourcesBuildPhase section */
		FE1323D61958376100F32CDB /* Sources */ = {
			isa = PBXSourcesBuildPhase;
			buildActionMask = 2147483647;
			files = (
				FE13241B19584E8100F32CDB /* PMKakarotGestureRecognizer.m in Sources */,
				FE1323EA1958376100F32CDB /* main.m in Sources */,
				FE1323F41958376100F32CDB /* PMViewController.m in Sources */,
				FE13241819584CFB00F32CDB /* PMKonamiGestureRecognizer.m in Sources */,
				FE13241E1958634100F32CDB /* PMCapcomGestureRecognizer.m in Sources */,
				FE1324151958386200F32CDB /* PMCommandGestureRecognizer.m in Sources */,
				FE1323EE1958376100F32CDB /* PMAppDelegate.m in Sources */,
			);
			runOnlyForDeploymentPostprocessing = 0;
		};
		FE1323F71958376100F32CDB /* Sources */ = {
			isa = PBXSourcesBuildPhase;
			buildActionMask = 2147483647;
			files = (
				FE1324091958376100F32CDB /* CommandGestureRecognizerTests.m in Sources */,
			);
			runOnlyForDeploymentPostprocessing = 0;
		};
/* End PBXSourcesBuildPhase section */

/* Begin PBXTargetDependency section */
		FE1324011958376100F32CDB /* PBXTargetDependency */ = {
			isa = PBXTargetDependency;
			target = FE1323D91958376100F32CDB /* CommandGestureRecognizer */;
			targetProxy = FE1324001958376100F32CDB /* PBXContainerItemProxy */;
		};
/* End PBXTargetDependency section */

/* Begin PBXVariantGroup section */
		FE1323E61958376100F32CDB /* InfoPlist.strings */ = {
			isa = PBXVariantGroup;
			children = (
				FE1323E71958376100F32CDB /* en */,
			);
			name = InfoPlist.strings;
			sourceTree = "<group>";
		};
		FE1323EF1958376100F32CDB /* Main.storyboard */ = {
			isa = PBXVariantGroup;
			children = (
				FE1323F01958376100F32CDB /* Base */,
			);
			name = Main.storyboard;
			sourceTree = "<group>";
		};
		FE1324051958376100F32CDB /* InfoPlist.strings */ = {
			isa = PBXVariantGroup;
			children = (
				FE1324061958376100F32CDB /* en */,
			);
			name = InfoPlist.strings;
			sourceTree = "<group>";
		};
/* End PBXVariantGroup section */

/* Begin XCBuildConfiguration section */
		FE13240A1958376100F32CDB /* Debug */ = {
			isa = XCBuildConfiguration;
			buildSettings = {
				ALWAYS_SEARCH_USER_PATHS = NO;
				CLANG_CXX_LANGUAGE_STANDARD = "gnu++0x";
				CLANG_CXX_LIBRARY = "libc++";
				CLANG_ENABLE_MODULES = YES;
				CLANG_ENABLE_OBJC_ARC = YES;
				CLANG_WARN_BOOL_CONVERSION = YES;
				CLANG_WARN_CONSTANT_CONVERSION = YES;
				CLANG_WARN_DIRECT_OBJC_ISA_USAGE = YES_ERROR;
				CLANG_WARN_EMPTY_BODY = YES;
				CLANG_WARN_ENUM_CONVERSION = YES;
				CLANG_WARN_INT_CONVERSION = YES;
				CLANG_WARN_OBJC_ROOT_CLASS = YES_ERROR;
				CLANG_WARN__DUPLICATE_METHOD_MATCH = YES;
				"CODE_SIGN_IDENTITY[sdk=iphoneos*]" = "iPhone Developer";
				COPY_PHASE_STRIP = NO;
				GCC_C_LANGUAGE_STANDARD = gnu99;
				GCC_DYNAMIC_NO_PIC = NO;
				GCC_OPTIMIZATION_LEVEL = 0;
				GCC_PREPROCESSOR_DEFINITIONS = (
					"DEBUG=1",
					"$(inherited)",
				);
				GCC_SYMBOLS_PRIVATE_EXTERN = NO;
				GCC_WARN_64_TO_32_BIT_CONVERSION = YES;
				GCC_WARN_ABOUT_RETURN_TYPE = YES_ERROR;
				GCC_WARN_UNDECLARED_SELECTOR = YES;
				GCC_WARN_UNINITIALIZED_AUTOS = YES_AGGRESSIVE;
				GCC_WARN_UNUSED_FUNCTION = YES;
				GCC_WARN_UNUSED_VARIABLE = YES;
				IPHONEOS_DEPLOYMENT_TARGET = 7.1;
				ONLY_ACTIVE_ARCH = YES;
				SDKROOT = iphoneos;
			};
			name = Debug;
		};
		FE13240B1958376100F32CDB /* Release */ = {
			isa = XCBuildConfiguration;
			buildSettings = {
				ALWAYS_SEARCH_USER_PATHS = NO;
				CLANG_CXX_LANGUAGE_STANDARD = "gnu++0x";
				CLANG_CXX_LIBRARY = "libc++";
				CLANG_ENABLE_MODULES = YES;
				CLANG_ENABLE_OBJC_ARC = YES;
				CLANG_WARN_BOOL_CONVERSION = YES;
				CLANG_WARN_CONSTANT_CONVERSION = YES;
				CLANG_WARN_DIRECT_OBJC_ISA_USAGE = YES_ERROR;
				CLANG_WARN_EMPTY_BODY = YES;
				CLANG_WARN_ENUM_CONVERSION = YES;
				CLANG_WARN_INT_CONVERSION = YES;
				CLANG_WARN_OBJC_ROOT_CLASS = YES_ERROR;
				CLANG_WARN__DUPLICATE_METHOD_MATCH = YES;
				"CODE_SIGN_IDENTITY[sdk=iphoneos*]" = "iPhone Developer";
				COPY_PHASE_STRIP = YES;
				ENABLE_NS_ASSERTIONS = NO;
				GCC_C_LANGUAGE_STANDARD = gnu99;
				GCC_WARN_64_TO_32_BIT_CONVERSION = YES;
				GCC_WARN_ABOUT_RETURN_TYPE = YES_ERROR;
				GCC_WARN_UNDECLARED_SELECTOR = YES;
				GCC_WARN_UNINITIALIZED_AUTOS = YES_AGGRESSIVE;
				GCC_WARN_UNUSED_FUNCTION = YES;
				GCC_WARN_UNUSED_VARIABLE = YES;
				IPHONEOS_DEPLOYMENT_TARGET = 7.1;
				SDKROOT = iphoneos;
				VALIDATE_PRODUCT = YES;
			};
			name = Release;
		};
		FE13240D1958376100F32CDB /* Debug */ = {
			isa = XCBuildConfiguration;
			buildSettings = {
				ASSETCATALOG_COMPILER_APPICON_NAME = AppIcon;
				ASSETCATALOG_COMPILER_LAUNCHIMAGE_NAME = LaunchImage;
				GCC_PRECOMPILE_PREFIX_HEADER = YES;
				GCC_PREFIX_HEADER = "CommandGestureRecognizer/CommandGestureRecognizer-Prefix.pch";
				INFOPLIST_FILE = "CommandGestureRecognizer/CommandGestureRecognizer-Info.plist";
				PRODUCT_NAME = "$(TARGET_NAME)";
				WRAPPER_EXTENSION = app;
			};
			name = Debug;
		};
		FE13240E1958376100F32CDB /* Release */ = {
			isa = XCBuildConfiguration;
			buildSettings = {
				ASSETCATALOG_COMPILER_APPICON_NAME = AppIcon;
				ASSETCATALOG_COMPILER_LAUNCHIMAGE_NAME = LaunchImage;
				GCC_PRECOMPILE_PREFIX_HEADER = YES;
				GCC_PREFIX_HEADER = "CommandGestureRecognizer/CommandGestureRecognizer-Prefix.pch";
				INFOPLIST_FILE = "CommandGestureRecognizer/CommandGestureRecognizer-Info.plist";
				PRODUCT_NAME = "$(TARGET_NAME)";
				WRAPPER_EXTENSION = app;
			};
			name = Release;
		};
		FE1324101958376100F32CDB /* Debug */ = {
			isa = XCBuildConfiguration;
			buildSettings = {
				BUNDLE_LOADER = "$(BUILT_PRODUCTS_DIR)/CommandGestureRecognizer.app/CommandGestureRecognizer";
				FRAMEWORK_SEARCH_PATHS = (
					"$(SDKROOT)/Developer/Library/Frameworks",
					"$(inherited)",
					"$(DEVELOPER_FRAMEWORKS_DIR)",
				);
				GCC_PRECOMPILE_PREFIX_HEADER = YES;
				GCC_PREFIX_HEADER = "CommandGestureRecognizer/CommandGestureRecognizer-Prefix.pch";
				GCC_PREPROCESSOR_DEFINITIONS = (
					"DEBUG=1",
					"$(inherited)",
				);
				INFOPLIST_FILE = "CommandGestureRecognizerTests/CommandGestureRecognizerTests-Info.plist";
				PRODUCT_NAME = "$(TARGET_NAME)";
				TEST_HOST = "$(BUNDLE_LOADER)";
				WRAPPER_EXTENSION = xctest;
			};
			name = Debug;
		};
		FE1324111958376100F32CDB /* Release */ = {
			isa = XCBuildConfiguration;
			buildSettings = {
				BUNDLE_LOADER = "$(BUILT_PRODUCTS_DIR)/CommandGestureRecognizer.app/CommandGestureRecognizer";
				FRAMEWORK_SEARCH_PATHS = (
					"$(SDKROOT)/Developer/Library/Frameworks",
					"$(inherited)",
					"$(DEVELOPER_FRAMEWORKS_DIR)",
				);
				GCC_PRECOMPILE_PREFIX_HEADER = YES;
				GCC_PREFIX_HEADER = "CommandGestureRecognizer/CommandGestureRecognizer-Prefix.pch";
				INFOPLIST_FILE = "CommandGestureRecognizerTests/CommandGestureRecognizerTests-Info.plist";
				PRODUCT_NAME = "$(TARGET_NAME)";
				TEST_HOST = "$(BUNDLE_LOADER)";
				WRAPPER_EXTENSION = xctest;
			};
			name = Release;
		};
/* End XCBuildConfiguration section */

/* Begin XCConfigurationList section */
		FE1323D51958376100F32CDB /* Build configuration list for PBXProject "CommandGestureRecognizer" */ = {
			isa = XCConfigurationList;
			buildConfigurations = (
				FE13240A1958376100F32CDB /* Debug */,
				FE13240B1958376100F32CDB /* Release */,
			);
			defaultConfigurationIsVisible = 0;
			defaultConfigurationName = Release;
		};
		FE13240C1958376100F32CDB /* Build configuration list for PBXNativeTarget "CommandGestureRecognizer" */ = {
			isa = XCConfigurationList;
			buildConfigurations = (
				FE13240D1958376100F32CDB /* Debug */,
				FE13240E1958376100F32CDB /* Release */,
			);
			defaultConfigurationIsVisible = 0;
		};
		FE13240F1958376100F32CDB /* Build configuration list for PBXNativeTarget "CommandGestureRecognizerTests" */ = {
			isa = XCConfigurationList;
			buildConfigurations = (
				FE1324101958376100F32CDB /* Debug */,
				FE1324111958376100F32CDB /* Release */,
			);
			defaultConfigurationIsVisible = 0;
		};
/* End XCConfigurationList section */
	};
	rootObject = FE1323D21958376100F32CDB /* Project object */;
}
